// !$*UTF8*$!
{
	archiveVersion = 1;
	classes = {
	};
	objectVersion = 56;
	objects = {

/* Begin PBXBuildFile section */
		B61209C52A2F06CF0046DB5A /* AppDelegate.swift in Sources */ = {isa = PBXBuildFile; fileRef = B61209C42A2F06CF0046DB5A /* AppDelegate.swift */; };
		B61209C72A2F06CF0046DB5A /* SceneDelegate.swift in Sources */ = {isa = PBXBuildFile; fileRef = B61209C62A2F06CF0046DB5A /* SceneDelegate.swift */; };
		B61209C92A2F06CF0046DB5A /* ViewController.swift in Sources */ = {isa = PBXBuildFile; fileRef = B61209C82A2F06CF0046DB5A /* ViewController.swift */; };
		B61209CC2A2F06CF0046DB5A /* Main.storyboard in Resources */ = {isa = PBXBuildFile; fileRef = B61209CA2A2F06CF0046DB5A /* Main.storyboard */; };
		B61209CE2A2F06D10046DB5A /* Assets.xcassets in Resources */ = {isa = PBXBuildFile; fileRef = B61209CD2A2F06D10046DB5A /* Assets.xcassets */; };
		B61209D12A2F06D10046DB5A /* LaunchScreen.storyboard in Resources */ = {isa = PBXBuildFile; fileRef = B61209CF2A2F06D10046DB5A /* LaunchScreen.storyboard */; };
		B61209DC2A2F06D20046DB5A /* LoginDemoTests.swift in Sources */ = {isa = PBXBuildFile; fileRef = B61209DB2A2F06D20046DB5A /* LoginDemoTests.swift */; };
		B61209E62A2F06D20046DB5A /* LoginDemoUITests.swift in Sources */ = {isa = PBXBuildFile; fileRef = B61209E52A2F06D20046DB5A /* LoginDemoUITests.swift */; };
		B61209E82A2F06D20046DB5A /* LoginDemoUITestsLaunchTests.swift in Sources */ = {isa = PBXBuildFile; fileRef = B61209E72A2F06D20046DB5A /* LoginDemoUITestsLaunchTests.swift */; };
/* End PBXBuildFile section */

/* Begin PBXContainerItemProxy section */
		B61209D82A2F06D20046DB5A /* PBXContainerItemProxy */ = {
			isa = PBXContainerItemProxy;
			containerPortal = B61209B92A2F06CF0046DB5A /* Project object */;
			proxyType = 1;
			remoteGlobalIDString = B61209C02A2F06CF0046DB5A;
			remoteInfo = LoginDemo;
		};
		B61209E22A2F06D20046DB5A /* PBXContainerItemProxy */ = {
			isa = PBXContainerItemProxy;
			containerPortal = B61209B92A2F06CF0046DB5A /* Project object */;
			proxyType = 1;
			remoteGlobalIDString = B61209C02A2F06CF0046DB5A;
			remoteInfo = LoginDemo;
		};
/* End PBXContainerItemProxy section */

/* Begin PBXFileReference section */
		B61209C12A2F06CF0046DB5A /* LoginDemo.app */ = {isa = PBXFileReference; explicitFileType = wrapper.application; includeInIndex = 0; path = LoginDemo.app; sourceTree = BUILT_PRODUCTS_DIR; };
		B61209C42A2F06CF0046DB5A /* AppDelegate.swift */ = {isa = PBXFileReference; lastKnownFileType = sourcecode.swift; path = AppDelegate.swift; sourceTree = "<group>"; };
		B61209C62A2F06CF0046DB5A /* SceneDelegate.swift */ = {isa = PBXFileReference; lastKnownFileType = sourcecode.swift; path = SceneDelegate.swift; sourceTree = "<group>"; };
		B61209C82A2F06CF0046DB5A /* ViewController.swift */ = {isa = PBXFileReference; lastKnownFileType = sourcecode.swift; path = ViewController.swift; sourceTree = "<group>"; };
		B61209CB2A2F06CF0046DB5A /* Base */ = {isa = PBXFileReference; lastKnownFileType = file.storyboard; name = Base; path = Base.lproj/Main.storyboard; sourceTree = "<group>"; };
		B61209CD2A2F06D10046DB5A /* Assets.xcassets */ = {isa = PBXFileReference; lastKnownFileType = folder.assetcatalog; path = Assets.xcassets; sourceTree = "<group>"; };
		B61209D02A2F06D10046DB5A /* Base */ = {isa = PBXFileReference; lastKnownFileType = file.storyboard; name = Base; path = Base.lproj/LaunchScreen.storyboard; sourceTree = "<group>"; };
		B61209D22A2F06D10046DB5A /* Info.plist */ = {isa = PBXFileReference; lastKnownFileType = text.plist.xml; path = Info.plist; sourceTree = "<group>"; };
		B61209D72A2F06D20046DB5A /* LoginDemoTests.xctest */ = {isa = PBXFileReference; explicitFileType = wrapper.cfbundle; includeInIndex = 0; path = LoginDemoTests.xctest; sourceTree = BUILT_PRODUCTS_DIR; };
		B61209DB2A2F06D20046DB5A /* LoginDemoTests.swift */ = {isa = PBXFileReference; lastKnownFileType = sourcecode.swift; path = LoginDemoTests.swift; sourceTree = "<group>"; };
		B61209E12A2F06D20046DB5A /* LoginDemoUITests.xctest */ = {isa = PBXFileReference; explicitFileType = wrapper.cfbundle; includeInIndex = 0; path = LoginDemoUITests.xctest; sourceTree = BUILT_PRODUCTS_DIR; };
		B61209E52A2F06D20046DB5A /* LoginDemoUITests.swift */ = {isa = PBXFileReference; lastKnownFileType = sourcecode.swift; path = LoginDemoUITests.swift; sourceTree = "<group>"; };
		B61209E72A2F06D20046DB5A /* LoginDemoUITestsLaunchTests.swift */ = {isa = PBXFileReference; lastKnownFileType = sourcecode.swift; path = LoginDemoUITestsLaunchTests.swift; sourceTree = "<group>"; };
/* End PBXFileReference section */

/* Begin PBXFrameworksBuildPhase section */
		B61209BE2A2F06CF0046DB5A /* Frameworks */ = {
			isa = PBXFrameworksBuildPhase;
			buildActionMask = 2147483647;
			files = (
			);
			runOnlyForDeploymentPostprocessing = 0;
		};
		B61209D42A2F06D20046DB5A /* Frameworks */ = {
			isa = PBXFrameworksBuildPhase;
			buildActionMask = 2147483647;
			files = (
			);
			runOnlyForDeploymentPostprocessing = 0;
		};
		B61209DE2A2F06D20046DB5A /* Frameworks */ = {
			isa = PBXFrameworksBuildPhase;
			buildActionMask = 2147483647;
			files = (
			);
			runOnlyForDeploymentPostprocessing = 0;
		};
/* End PBXFrameworksBuildPhase section */

/* Begin PBXGroup section */
		B61209B82A2F06CF0046DB5A = {
			isa = PBXGroup;
			children = (
				B61209C32A2F06CF0046DB5A /* LoginDemo */,
				B61209DA2A2F06D20046DB5A /* LoginDemoTests */,
				B61209E42A2F06D20046DB5A /* LoginDemoUITests */,
				B61209C22A2F06CF0046DB5A /* Products */,
			);
			sourceTree = "<group>";
		};
		B61209C22A2F06CF0046DB5A /* Products */ = {
			isa = PBXGroup;
			children = (
				B61209C12A2F06CF0046DB5A /* LoginDemo.app */,
				B61209D72A2F06D20046DB5A /* LoginDemoTests.xctest */,
				B61209E12A2F06D20046DB5A /* LoginDemoUITests.xctest */,
			);
			name = Products;
			sourceTree = "<group>";
		};
		B61209C32A2F06CF0046DB5A /* LoginDemo */ = {
			isa = PBXGroup;
			children = (
				B61209C42A2F06CF0046DB5A /* AppDelegate.swift */,
				B61209C62A2F06CF0046DB5A /* SceneDelegate.swift */,
				B61209C82A2F06CF0046DB5A /* ViewController.swift */,
				B61209CA2A2F06CF0046DB5A /* Main.storyboard */,
				B61209CD2A2F06D10046DB5A /* Assets.xcassets */,
				B61209CF2A2F06D10046DB5A /* LaunchScreen.storyboard */,
				B61209D22A2F06D10046DB5A /* Info.plist */,
			);
			path = LoginDemo;
			sourceTree = "<group>";
		};
		B61209DA2A2F06D20046DB5A /* LoginDemoTests */ = {
			isa = PBXGroup;
			children = (
				B61209DB2A2F06D20046DB5A /* LoginDemoTests.swift */,
			);
			path = LoginDemoTests;
			sourceTree = "<group>";
		};
		B61209E42A2F06D20046DB5A /* LoginDemoUITests */ = {
			isa = PBXGroup;
			children = (
				B61209E52A2F06D20046DB5A /* LoginDemoUITests.swift */,
				B61209E72A2F06D20046DB5A /* LoginDemoUITestsLaunchTests.swift */,
			);
			path = LoginDemoUITests;
			sourceTree = "<group>";
		};
/* End PBXGroup section */

/* Begin PBXNativeTarget section */
		B61209C02A2F06CF0046DB5A /* LoginDemo */ = {
			isa = PBXNativeTarget;
			buildConfigurationList = B61209EB2A2F06D20046DB5A /* Build configuration list for PBXNativeTarget "LoginDemo" */;
			buildPhases = (
				B61209BD2A2F06CF0046DB5A /* Sources */,
				B61209BE2A2F06CF0046DB5A /* Frameworks */,
				B61209BF2A2F06CF0046DB5A /* Resources */,
			);
			buildRules = (
			);
			dependencies = (
			);
			name = LoginDemo;
			productName = LoginDemo;
			productReference = B61209C12A2F06CF0046DB5A /* LoginDemo.app */;
			productType = "com.apple.product-type.application";
		};
		B61209D62A2F06D20046DB5A /* LoginDemoTests */ = {
			isa = PBXNativeTarget;
			buildConfigurationList = B61209EE2A2F06D20046DB5A /* Build configuration list for PBXNativeTarget "LoginDemoTests" */;
			buildPhases = (
				B61209D32A2F06D20046DB5A /* Sources */,
				B61209D42A2F06D20046DB5A /* Frameworks */,
				B61209D52A2F06D20046DB5A /* Resources */,
			);
			buildRules = (
			);
			dependencies = (
				B61209D92A2F06D20046DB5A /* PBXTargetDependency */,
			);
			name = LoginDemoTests;
			productName = LoginDemoTests;
			productReference = B61209D72A2F06D20046DB5A /* LoginDemoTests.xctest */;
			productType = "com.apple.product-type.bundle.unit-test";
		};
		B61209E02A2F06D20046DB5A /* LoginDemoUITests */ = {
			isa = PBXNativeTarget;
			buildConfigurationList = B61209F12A2F06D20046DB5A /* Build configuration list for PBXNativeTarget "LoginDemoUITests" */;
			buildPhases = (
				B61209DD2A2F06D20046DB5A /* Sources */,
				B61209DE2A2F06D20046DB5A /* Frameworks */,
				B61209DF2A2F06D20046DB5A /* Resources */,
			);
			buildRules = (
			);
			dependencies = (
				B61209E32A2F06D20046DB5A /* PBXTargetDependency */,
			);
			name = LoginDemoUITests;
			productName = LoginDemoUITests;
			productReference = B61209E12A2F06D20046DB5A /* LoginDemoUITests.xctest */;
			productType = "com.apple.product-type.bundle.ui-testing";
		};
/* End PBXNativeTarget section */

/* Begin PBXProject section */
		B61209B92A2F06CF0046DB5A /* Project object */ = {
			isa = PBXProject;
			attributes = {
				BuildIndependentTargetsInParallel = 1;
				LastSwiftUpdateCheck = 1420;
				LastUpgradeCheck = 1420;
				TargetAttributes = {
					B61209C02A2F06CF0046DB5A = {
						CreatedOnToolsVersion = 14.2;
					};
					B61209D62A2F06D20046DB5A = {
						CreatedOnToolsVersion = 14.2;
						TestTargetID = B61209C02A2F06CF0046DB5A;
					};
					B61209E02A2F06D20046DB5A = {
						CreatedOnToolsVersion = 14.2;
						TestTargetID = B61209C02A2F06CF0046DB5A;
					};
				};
			};
			buildConfigurationList = B61209BC2A2F06CF0046DB5A /* Build configuration list for PBXProject "LoginDemo" */;
			compatibilityVersion = "Xcode 14.0";
			developmentRegion = en;
			hasScannedForEncodings = 0;
			knownRegions = (
				en,
				Base,
			);
			mainGroup = B61209B82A2F06CF0046DB5A;
			productRefGroup = B61209C22A2F06CF0046DB5A /* Products */;
			projectDirPath = "";
			projectRoot = "";
			targets = (
				B61209C02A2F06CF0046DB5A /* LoginDemo */,
				B61209D62A2F06D20046DB5A /* LoginDemoTests */,
				B61209E02A2F06D20046DB5A /* LoginDemoUITests */,
			);
		};
/* End PBXProject section */

/* Begin PBXResourcesBuildPhase section */
		B61209BF2A2F06CF0046DB5A /* Resources */ = {
			isa = PBXResourcesBuildPhase;
			buildActionMask = 2147483647;
			files = (
				B61209D12A2F06D10046DB5A /* LaunchScreen.storyboard in Resources */,
				B61209CE2A2F06D10046DB5A /* Assets.xcassets in Resources */,
				B61209CC2A2F06CF0046DB5A /* Main.storyboard in Resources */,
			);
			runOnlyForDeploymentPostprocessing = 0;
		};
		B61209D52A2F06D20046DB5A /* Resources */ = {
			isa = PBXResourcesBuildPhase;
			buildActionMask = 2147483647;
			files = (
			);
			runOnlyForDeploymentPostprocessing = 0;
		};
		B61209DF2A2F06D20046DB5A /* Resources */ = {
			isa = PBXResourcesBuildPhase;
			buildActionMask = 2147483647;
			files = (
			);
			runOnlyForDeploymentPostprocessing = 0;
		};
/* End PBXResourcesBuildPhase section */

/* Begin PBXSourcesBuildPhase section */
		B61209BD2A2F06CF0046DB5A /* Sources */ = {
			isa = PBXSourcesBuildPhase;
			buildActionMask = 2147483647;
			files = (
				B61209C92A2F06CF0046DB5A /* ViewController.swift in Sources */,
				B61209C52A2F06CF0046DB5A /* AppDelegate.swift in Sources */,
				B61209C72A2F06CF0046DB5A /* SceneDelegate.swift in Sources */,
			);
			runOnlyForDeploymentPostprocessing = 0;
		};
		B61209D32A2F06D20046DB5A /* Sources */ = {
			isa = PBXSourcesBuildPhase;
			buildActionMask = 2147483647;
			files = (
				B61209DC2A2F06D20046DB5A /* LoginDemoTests.swift in Sources */,
			);
			runOnlyForDeploymentPostprocessing = 0;
		};
		B61209DD2A2F06D20046DB5A /* Sources */ = {
			isa = PBXSourcesBuildPhase;
			buildActionMask = 2147483647;
			files = (
				B61209E62A2F06D20046DB5A /* LoginDemoUITests.swift in Sources */,
				B61209E82A2F06D20046DB5A /* LoginDemoUITestsLaunchTests.swift in Sources */,
			);
			runOnlyForDeploymentPostprocessing = 0;
		};
/* End PBXSourcesBuildPhase section */

/* Begin PBXTargetDependency section */
		B61209D92A2F06D20046DB5A /* PBXTargetDependency */ = {
			isa = PBXTargetDependency;
			target = B61209C02A2F06CF0046DB5A /* LoginDemo */;
			targetProxy = B61209D82A2F06D20046DB5A /* PBXContainerItemProxy */;
		};
		B61209E32A2F06D20046DB5A /* PBXTargetDependency */ = {
			isa = PBXTargetDependency;
			target = B61209C02A2F06CF0046DB5A /* LoginDemo */;
			targetProxy = B61209E22A2F06D20046DB5A /* PBXContainerItemProxy */;
		};
/* End PBXTargetDependency section */

/* Begin PBXVariantGroup section */
		B61209CA2A2F06CF0046DB5A /* Main.storyboard */ = {
			isa = PBXVariantGroup;
			children = (
				B61209CB2A2F06CF0046DB5A /* Base */,
			);
			name = Main.storyboard;
			sourceTree = "<group>";
		};
		B61209CF2A2F06D10046DB5A /* LaunchScreen.storyboard */ = {
			isa = PBXVariantGroup;
			children = (
				B61209D02A2F06D10046DB5A /* Base */,
			);
			name = LaunchScreen.storyboard;
			sourceTree = "<group>";
		};
/* End PBXVariantGroup section */

/* Begin XCBuildConfiguration section */
		B61209E92A2F06D20046DB5A /* Debug */ = {
			isa = XCBuildConfiguration;
			buildSettings = {
				ALWAYS_SEARCH_USER_PATHS = NO;
				CLANG_ANALYZER_NONNULL = YES;
				CLANG_ANALYZER_NUMBER_OBJECT_CONVERSION = YES_AGGRESSIVE;
				CLANG_CXX_LANGUAGE_STANDARD = "gnu++20";
				CLANG_ENABLE_MODULES = YES;
				CLANG_ENABLE_OBJC_ARC = YES;
				CLANG_ENABLE_OBJC_WEAK = YES;
				CLANG_WARN_BLOCK_CAPTURE_AUTORELEASING = YES;
				CLANG_WARN_BOOL_CONVERSION = YES;
				CLANG_WARN_COMMA = YES;
				CLANG_WARN_CONSTANT_CONVERSION = YES;
				CLANG_WARN_DEPRECATED_OBJC_IMPLEMENTATIONS = YES;
				CLANG_WARN_DIRECT_OBJC_ISA_USAGE = YES_ERROR;
				CLANG_WARN_DOCUMENTATION_COMMENTS = YES;
				CLANG_WARN_EMPTY_BODY = YES;
				CLANG_WARN_ENUM_CONVERSION = YES;
				CLANG_WARN_INFINITE_RECURSION = YES;
				CLANG_WARN_INT_CONVERSION = YES;
				CLANG_WARN_NON_LITERAL_NULL_CONVERSION = YES;
				CLANG_WARN_OBJC_IMPLICIT_RETAIN_SELF = YES;
				CLANG_WARN_OBJC_LITERAL_CONVERSION = YES;
				CLANG_WARN_OBJC_ROOT_CLASS = YES_ERROR;
				CLANG_WARN_QUOTED_INCLUDE_IN_FRAMEWORK_HEADER = YES;
				CLANG_WARN_RANGE_LOOP_ANALYSIS = YES;
				CLANG_WARN_STRICT_PROTOTYPES = YES;
				CLANG_WARN_SUSPICIOUS_MOVE = YES;
				CLANG_WARN_UNGUARDED_AVAILABILITY = YES_AGGRESSIVE;
				CLANG_WARN_UNREACHABLE_CODE = YES;
				CLANG_WARN__DUPLICATE_METHOD_MATCH = YES;
				COPY_PHASE_STRIP = NO;
				DEBUG_INFORMATION_FORMAT = dwarf;
				ENABLE_STRICT_OBJC_MSGSEND = YES;
				ENABLE_TESTABILITY = YES;
				GCC_C_LANGUAGE_STANDARD = gnu11;
				GCC_DYNAMIC_NO_PIC = NO;
				GCC_NO_COMMON_BLOCKS = YES;
				GCC_OPTIMIZATION_LEVEL = 0;
				GCC_PREPROCESSOR_DEFINITIONS = (
					"DEBUG=1",
					"$(inherited)",
				);
				GCC_WARN_64_TO_32_BIT_CONVERSION = YES;
				GCC_WARN_ABOUT_RETURN_TYPE = YES_ERROR;
				GCC_WARN_UNDECLARED_SELECTOR = YES;
				GCC_WARN_UNINITIALIZED_AUTOS = YES_AGGRESSIVE;
				GCC_WARN_UNUSED_FUNCTION = YES;
				GCC_WARN_UNUSED_VARIABLE = YES;
				IPHONEOS_DEPLOYMENT_TARGET = 16.2;
				MTL_ENABLE_DEBUG_INFO = INCLUDE_SOURCE;
				MTL_FAST_MATH = YES;
				ONLY_ACTIVE_ARCH = YES;
				SDKROOT = iphoneos;
				SWIFT_ACTIVE_COMPILATION_CONDITIONS = DEBUG;
				SWIFT_OPTIMIZATION_LEVEL = "-Onone";
			};
			name = Debug;
		};
		B61209EA2A2F06D20046DB5A /* Release */ = {
			isa = XCBuildConfiguration;
			buildSettings = {
				ALWAYS_SEARCH_USER_PATHS = NO;
				CLANG_ANALYZER_NONNULL = YES;
				CLANG_ANALYZER_NUMBER_OBJECT_CONVERSION = YES_AGGRESSIVE;
				CLANG_CXX_LANGUAGE_STANDARD = "gnu++20";
				CLANG_ENABLE_MODULES = YES;
				CLANG_ENABLE_OBJC_ARC = YES;
				CLANG_ENABLE_OBJC_WEAK = YES;
				CLANG_WARN_BLOCK_CAPTURE_AUTORELEASING = YES;
				CLANG_WARN_BOOL_CONVERSION = YES;
				CLANG_WARN_COMMA = YES;
				CLANG_WARN_CONSTANT_CONVERSION = YES;
				CLANG_WARN_DEPRECATED_OBJC_IMPLEMENTATIONS = YES;
				CLANG_WARN_DIRECT_OBJC_ISA_USAGE = YES_ERROR;
				CLANG_WARN_DOCUMENTATION_COMMENTS = YES;
				CLANG_WARN_EMPTY_BODY = YES;
				CLANG_WARN_ENUM_CONVERSION = YES;
				CLANG_WARN_INFINITE_RECURSION = YES;
				CLANG_WARN_INT_CONVERSION = YES;
				CLANG_WARN_NON_LITERAL_NULL_CONVERSION = YES;
				CLANG_WARN_OBJC_IMPLICIT_RETAIN_SELF = YES;
				CLANG_WARN_OBJC_LITERAL_CONVERSION = YES;
				CLANG_WARN_OBJC_ROOT_CLASS = YES_ERROR;
				CLANG_WARN_QUOTED_INCLUDE_IN_FRAMEWORK_HEADER = YES;
				CLANG_WARN_RANGE_LOOP_ANALYSIS = YES;
				CLANG_WARN_STRICT_PROTOTYPES = YES;
				CLANG_WARN_SUSPICIOUS_MOVE = YES;
				CLANG_WARN_UNGUARDED_AVAILABILITY = YES_AGGRESSIVE;
				CLANG_WARN_UNREACHABLE_CODE = YES;
				CLANG_WARN__DUPLICATE_METHOD_MATCH = YES;
				COPY_PHASE_STRIP = NO;
				DEBUG_INFORMATION_FORMAT = "dwarf-with-dsym";
				ENABLE_NS_ASSERTIONS = NO;
				ENABLE_STRICT_OBJC_MSGSEND = YES;
				GCC_C_LANGUAGE_STANDARD = gnu11;
				GCC_NO_COMMON_BLOCKS = YES;
				GCC_WARN_64_TO_32_BIT_CONVERSION = YES;
				GCC_WARN_ABOUT_RETURN_TYPE = YES_ERROR;
				GCC_WARN_UNDECLARED_SELECTOR = YES;
				GCC_WARN_UNINITIALIZED_AUTOS = YES_AGGRESSIVE;
				GCC_WARN_UNUSED_FUNCTION = YES;
				GCC_WARN_UNUSED_VARIABLE = YES;
				IPHONEOS_DEPLOYMENT_TARGET = 16.2;
				MTL_ENABLE_DEBUG_INFO = NO;
				MTL_FAST_MATH = YES;
				SDKROOT = iphoneos;
				SWIFT_COMPILATION_MODE = wholemodule;
				SWIFT_OPTIMIZATION_LEVEL = "-O";
				VALIDATE_PRODUCT = YES;
			};
			name = Release;
		};
		B61209EC2A2F06D20046DB5A /* Debug */ = {
			isa = XCBuildConfiguration;
			buildSettings = {
				ASSETCATALOG_COMPILER_APPICON_NAME = AppIcon;
				ASSETCATALOG_COMPILER_GLOBAL_ACCENT_COLOR_NAME = AccentColor;
				CODE_SIGN_STYLE = Automatic;
				CURRENT_PROJECT_VERSION = 1;
				GENERATE_INFOPLIST_FILE = YES;
				INFOPLIST_FILE = LoginDemo/Info.plist;
				INFOPLIST_KEY_UIApplicationSupportsIndirectInputEvents = YES;
				INFOPLIST_KEY_UILaunchStoryboardName = LaunchScreen;
				INFOPLIST_KEY_UIMainStoryboardFile = Main;
				INFOPLIST_KEY_UISupportedInterfaceOrientations_iPad = "UIInterfaceOrientationPortrait UIInterfaceOrientationPortraitUpsideDown UIInterfaceOrientationLandscapeLeft UIInterfaceOrientationLandscapeRight";
				INFOPLIST_KEY_UISupportedInterfaceOrientations_iPhone = "UIInterfaceOrientationPortrait UIInterfaceOrientationLandscapeLeft UIInterfaceOrientationLandscapeRight";
				LD_RUNPATH_SEARCH_PATHS = (
					"$(inherited)",
					"@executable_path/Frameworks",
				);
				MARKETING_VERSION = 1.0;
				PRODUCT_BUNDLE_IDENTIFIER = com.epifi.LoginDemo;
				PRODUCT_NAME = "$(TARGET_NAME)";
				SWIFT_EMIT_LOC_STRINGS = YES;
				SWIFT_VERSION = 5.0;
				TARGETED_DEVICE_FAMILY = "1,2";
			};
			name = Debug;
		};
		B61209ED2A2F06D20046DB5A /* Release */ = {
			isa = XCBuildConfiguration;
			buildSettings = {
				ASSETCATALOG_COMPILER_APPICON_NAME = AppIcon;
				ASSETCATALOG_COMPILER_GLOBAL_ACCENT_COLOR_NAME = AccentColor;
				CODE_SIGN_STYLE = Automatic;
				CURRENT_PROJECT_VERSION = 1;
				GENERATE_INFOPLIST_FILE = YES;
				INFOPLIST_FILE = LoginDemo/Info.plist;
				INFOPLIST_KEY_UIApplicationSupportsIndirectInputEvents = YES;
				INFOPLIST_KEY_UILaunchStoryboardName = LaunchScreen;
				INFOPLIST_KEY_UIMainStoryboardFile = Main;
				INFOPLIST_KEY_UISupportedInterfaceOrientations_iPad = "UIInterfaceOrientationPortrait UIInterfaceOrientationPortraitUpsideDown UIInterfaceOrientationLandscapeLeft UIInterfaceOrientationLandscapeRight";
				INFOPLIST_KEY_UISupportedInterfaceOrientations_iPhone = "UIInterfaceOrientationPortrait UIInterfaceOrientationLandscapeLeft UIInterfaceOrientationLandscapeRight";
				LD_RUNPATH_SEARCH_PATHS = (
					"$(inherited)",
					"@executable_path/Frameworks",
				);
				MARKETING_VERSION = 1.0;
				PRODUCT_BUNDLE_IDENTIFIER = com.epifi.LoginDemo;
				PRODUCT_NAME = "$(TARGET_NAME)";
				SWIFT_EMIT_LOC_STRINGS = YES;
				SWIFT_VERSION = 5.0;
				TARGETED_DEVICE_FAMILY = "1,2";
			};
			name = Release;
		};
		B61209EF2A2F06D20046DB5A /* Debug */ = {
			isa = XCBuildConfiguration;
			buildSettings = {
				ALWAYS_EMBED_SWIFT_STANDARD_LIBRARIES = YES;
				BUNDLE_LOADER = "$(TEST_HOST)";
				CODE_SIGN_STYLE = Automatic;
				CURRENT_PROJECT_VERSION = 1;
				GENERATE_INFOPLIST_FILE = YES;
				IPHONEOS_DEPLOYMENT_TARGET = 16.2;
				MARKETING_VERSION = 1.0;
				PRODUCT_BUNDLE_IDENTIFIER = com.epifi.LoginDemoTests;
				PRODUCT_NAME = "$(TARGET_NAME)";
				SWIFT_EMIT_LOC_STRINGS = NO;
				SWIFT_VERSION = 5.0;
				TARGETED_DEVICE_FAMILY = "1,2";
				TEST_HOST = "$(BUILT_PRODUCTS_DIR)/LoginDemo.app/$(BUNDLE_EXECUTABLE_FOLDER_PATH)/LoginDemo";
			};
			name = Debug;
		};
		B61209F02A2F06D20046DB5A /* Release */ = {
			isa = XCBuildConfiguration;
			buildSettings = {
				ALWAYS_EMBED_SWIFT_STANDARD_LIBRARIES = YES;
				BUNDLE_LOADER = "$(TEST_HOST)";
				CODE_SIGN_STYLE = Automatic;
				CURRENT_PROJECT_VERSION = 1;
				GENERATE_INFOPLIST_FILE = YES;
				IPHONEOS_DEPLOYMENT_TARGET = 16.2;
				MARKETING_VERSION = 1.0;
				PRODUCT_BUNDLE_IDENTIFIER = com.epifi.LoginDemoTests;
				PRODUCT_NAME = "$(TARGET_NAME)";
				SWIFT_EMIT_LOC_STRINGS = NO;
				SWIFT_VERSION = 5.0;
				TARGETED_DEVICE_FAMILY = "1,2";
				TEST_HOST = "$(BUILT_PRODUCTS_DIR)/LoginDemo.app/$(BUNDLE_EXECUTABLE_FOLDER_PATH)/LoginDemo";
			};
			name = Release;
		};
		B61209F22A2F06D20046DB5A /* Debug */ = {
			isa = XCBuildConfiguration;
			buildSettings = {
				ALWAYS_EMBED_SWIFT_STANDARD_LIBRARIES = YES;
				CODE_SIGN_STYLE = Automatic;
				CURRENT_PROJECT_VERSION = 1;
				GENERATE_INFOPLIST_FILE = YES;
				MARKETING_VERSION = 1.0;
				PRODUCT_BUNDLE_IDENTIFIER = com.epifi.LoginDemoUITests;
				PRODUCT_NAME = "$(TARGET_NAME)";
				SWIFT_EMIT_LOC_STRINGS = NO;
				SWIFT_VERSION = 5.0;
				TARGETED_DEVICE_FAMILY = "1,2";
				TEST_TARGET_NAME = LoginDemo;
			};
			name = Debug;
		};
		B61209F32A2F06D20046DB5A /* Release */ = {
			isa = XCBuildConfiguration;
			buildSettings = {
				ALWAYS_EMBED_SWIFT_STANDARD_LIBRARIES = YES;
				CODE_SIGN_STYLE = Automatic;
				CURRENT_PROJECT_VERSION = 1;
				GENERATE_INFOPLIST_FILE = YES;
				MARKETING_VERSION = 1.0;
				PRODUCT_BUNDLE_IDENTIFIER = com.epifi.LoginDemoUITests;
				PRODUCT_NAME = "$(TARGET_NAME)";
				SWIFT_EMIT_LOC_STRINGS = NO;
				SWIFT_VERSION = 5.0;
				TARGETED_DEVICE_FAMILY = "1,2";
				TEST_TARGET_NAME = LoginDemo;
			};
			name = Release;
		};
/* End XCBuildConfiguration section */

/* Begin XCConfigurationList section */
		B61209BC2A2F06CF0046DB5A /* Build configuration list for PBXProject "LoginDemo" */ = {
			isa = XCConfigurationList;
			buildConfigurations = (
				B61209E92A2F06D20046DB5A /* Debug */,
				B61209EA2A2F06D20046DB5A /* Release */,
			);
			defaultConfigurationIsVisible = 0;
			defaultConfigurationName = Release;
		};
		B61209EB2A2F06D20046DB5A /* Build configuration list for PBXNativeTarget "LoginDemo" */ = {
			isa = XCConfigurationList;
			buildConfigurations = (
				B61209EC2A2F06D20046DB5A /* Debug */,
				B61209ED2A2F06D20046DB5A /* Release */,
			);
			defaultConfigurationIsVisible = 0;
			defaultConfigurationName = Release;
		};
		B61209EE2A2F06D20046DB5A /* Build configuration list for PBXNativeTarget "LoginDemoTests" */ = {
			isa = XCConfigurationList;
			buildConfigurations = (
				B61209EF2A2F06D20046DB5A /* Debug */,
				B61209F02A2F06D20046DB5A /* Release */,
			);
			defaultConfigurationIsVisible = 0;
			defaultConfigurationName = Release;
		};
		B61209F12A2F06D20046DB5A /* Build configuration list for PBXNativeTarget "LoginDemoUITests" */ = {
			isa = XCConfigurationList;
			buildConfigurations = (
				B61209F22A2F06D20046DB5A /* Debug */,
				B61209F32A2F06D20046DB5A /* Release */,
			);
			defaultConfigurationIsVisible = 0;
			defaultConfigurationName = Release;
		};
/* End XCConfigurationList section */
	};
	rootObject = B61209B92A2F06CF0046DB5A /* Project object */;
}
