// !$*UTF8*$!
{
	archiveVersion = 1;
	classes = {
	};
	objectVersion = 56;
	objects = {

/* Begin PBXBuildFile section */
		B6ACAE012A3AD61A00D853C0 /* AKPSI_BU_AppApp.swift in Sources */ = {isa = PBXBuildFile; fileRef = B6ACAE002A3AD61A00D853C0 /* AKPSI_BU_AppApp.swift */; };
		B6ACAE032A3AD61A00D853C0 /* UserStateView.swift in Sources */ = {isa = PBXBuildFile; fileRef = B6ACAE022A3AD61A00D853C0 /* UserStateView.swift */; };
		B6ACAE052A3AD61B00D853C0 /* Assets.xcassets in Resources */ = {isa = PBXBuildFile; fileRef = B6ACAE042A3AD61B00D853C0 /* Assets.xcassets */; };
		B6ACAE082A3AD61B00D853C0 /* Preview Assets.xcassets in Resources */ = {isa = PBXBuildFile; fileRef = B6ACAE072A3AD61B00D853C0 /* Preview Assets.xcassets */; };
		B6ACAE102A3AD7C400D853C0 /* FirebaseAuth in Frameworks */ = {isa = PBXBuildFile; productRef = B6ACAE0F2A3AD7C400D853C0 /* FirebaseAuth */; };
		B6ACAE122A3AD8CE00D853C0 /* GoogleService-Info.plist in Resources */ = {isa = PBXBuildFile; fileRef = B6ACAE112A3AD8CE00D853C0 /* GoogleService-Info.plist */; };
		B6ACAE152A3ADA2A00D853C0 /* GoogleSignIn in Frameworks */ = {isa = PBXBuildFile; productRef = B6ACAE142A3ADA2A00D853C0 /* GoogleSignIn */; };
		B6ACAE182A3ADAA100D853C0 /* AuthenticationViewModel.swift in Sources */ = {isa = PBXBuildFile; fileRef = B6ACAE172A3ADAA100D853C0 /* AuthenticationViewModel.swift */; };
		B6ACAE1A2A3AE96C00D853C0 /* GoogleSignInButton.swift in Sources */ = {isa = PBXBuildFile; fileRef = B6ACAE192A3AE96C00D853C0 /* GoogleSignInButton.swift */; };
		B6ACAE1C2A3AEE1600D853C0 /* LoginView.swift in Sources */ = {isa = PBXBuildFile; fileRef = B6ACAE1B2A3AEE1600D853C0 /* LoginView.swift */; };
		B6ACAE1E2A3AEE4F00D853C0 /* ProfileView.swift in Sources */ = {isa = PBXBuildFile; fileRef = B6ACAE1D2A3AEE4F00D853C0 /* ProfileView.swift */; };
		B6ACAE202A3B3B9A00D853C0 /* AkpsiDataModel.swift in Sources */ = {isa = PBXBuildFile; fileRef = B6ACAE1F2A3B3B9A00D853C0 /* AkpsiDataModel.swift */; };
		B6ACAE222A3C239C00D853C0 /* AkpsiAlumniDataViewModel.swift in Sources */ = {isa = PBXBuildFile; fileRef = B6ACAE212A3C239C00D853C0 /* AkpsiAlumniDataViewModel.swift */; };
		B6ACAE252A3C24F400D853C0 /* FirebaseDatabase in Frameworks */ = {isa = PBXBuildFile; productRef = B6ACAE242A3C24F400D853C0 /* FirebaseDatabase */; };
		B6ACAE292A3C2E9400D853C0 /* AkpsiDatabaseView.swift in Sources */ = {isa = PBXBuildFile; fileRef = B6ACAE282A3C2E9400D853C0 /* AkpsiDatabaseView.swift */; };
		B6ACAE2D2A3C451400D853C0 /* MoreInformationView.swift in Sources */ = {isa = PBXBuildFile; fileRef = B6ACAE2C2A3C451400D853C0 /* MoreInformationView.swift */; };
/* End PBXBuildFile section */

/* Begin PBXFileReference section */
		B6ACADFD2A3AD61A00D853C0 /* AKPSI BU App.app */ = {isa = PBXFileReference; explicitFileType = wrapper.application; includeInIndex = 0; path = "AKPSI BU App.app"; sourceTree = BUILT_PRODUCTS_DIR; };
		B6ACAE002A3AD61A00D853C0 /* AKPSI_BU_AppApp.swift */ = {isa = PBXFileReference; lastKnownFileType = sourcecode.swift; path = AKPSI_BU_AppApp.swift; sourceTree = "<group>"; };
		B6ACAE022A3AD61A00D853C0 /* UserStateView.swift */ = {isa = PBXFileReference; lastKnownFileType = sourcecode.swift; path = UserStateView.swift; sourceTree = "<group>"; };
		B6ACAE042A3AD61B00D853C0 /* Assets.xcassets */ = {isa = PBXFileReference; lastKnownFileType = folder.assetcatalog; path = Assets.xcassets; sourceTree = "<group>"; };
		B6ACAE072A3AD61B00D853C0 /* Preview Assets.xcassets */ = {isa = PBXFileReference; lastKnownFileType = folder.assetcatalog; path = "Preview Assets.xcassets"; sourceTree = "<group>"; };
		B6ACAE112A3AD8CE00D853C0 /* GoogleService-Info.plist */ = {isa = PBXFileReference; fileEncoding = 4; lastKnownFileType = text.plist.xml; path = "GoogleService-Info.plist"; sourceTree = "<group>"; };
		B6ACAE162A3ADA7F00D853C0 /* AKPSI-BU-App-Info.plist */ = {isa = PBXFileReference; lastKnownFileType = text.plist; path = "AKPSI-BU-App-Info.plist"; sourceTree = SOURCE_ROOT; };
		B6ACAE172A3ADAA100D853C0 /* AuthenticationViewModel.swift */ = {isa = PBXFileReference; lastKnownFileType = sourcecode.swift; path = AuthenticationViewModel.swift; sourceTree = "<group>"; };
		B6ACAE192A3AE96C00D853C0 /* GoogleSignInButton.swift */ = {isa = PBXFileReference; lastKnownFileType = sourcecode.swift; path = GoogleSignInButton.swift; sourceTree = "<group>"; };
		B6ACAE1B2A3AEE1600D853C0 /* LoginView.swift */ = {isa = PBXFileReference; lastKnownFileType = sourcecode.swift; path = LoginView.swift; sourceTree = "<group>"; };
		B6ACAE1D2A3AEE4F00D853C0 /* ProfileView.swift */ = {isa = PBXFileReference; lastKnownFileType = sourcecode.swift; path = ProfileView.swift; sourceTree = "<group>"; };
		B6ACAE1F2A3B3B9A00D853C0 /* AkpsiDataModel.swift */ = {isa = PBXFileReference; lastKnownFileType = sourcecode.swift; path = AkpsiDataModel.swift; sourceTree = "<group>"; };
		B6ACAE212A3C239C00D853C0 /* AkpsiAlumniDataViewModel.swift */ = {isa = PBXFileReference; lastKnownFileType = sourcecode.swift; path = AkpsiAlumniDataViewModel.swift; sourceTree = "<group>"; };
		B6ACAE282A3C2E9400D853C0 /* AkpsiDatabaseView.swift */ = {isa = PBXFileReference; lastKnownFileType = sourcecode.swift; path = AkpsiDatabaseView.swift; sourceTree = "<group>"; };
		B6ACAE2C2A3C451400D853C0 /* MoreInformationView.swift */ = {isa = PBXFileReference; lastKnownFileType = sourcecode.swift; path = MoreInformationView.swift; sourceTree = "<group>"; };
/* End PBXFileReference section */

/* Begin PBXFrameworksBuildPhase section */
		B6ACADFA2A3AD61A00D853C0 /* Frameworks */ = {
			isa = PBXFrameworksBuildPhase;
			buildActionMask = 2147483647;
			files = (
				B6ACAE252A3C24F400D853C0 /* FirebaseDatabase in Frameworks */,
				B6ACAE102A3AD7C400D853C0 /* FirebaseAuth in Frameworks */,
				B6ACAE152A3ADA2A00D853C0 /* GoogleSignIn in Frameworks */,
			);
			runOnlyForDeploymentPostprocessing = 0;
		};
/* End PBXFrameworksBuildPhase section */

/* Begin PBXGroup section */
		B64B06272A528D36005CC86C /* Authentication */ = {
			isa = PBXGroup;
			children = (
				B6ACAE192A3AE96C00D853C0 /* GoogleSignInButton.swift */,
				B6ACAE172A3ADAA100D853C0 /* AuthenticationViewModel.swift */,
				B6ACAE1B2A3AEE1600D853C0 /* LoginView.swift */,
			);
			path = Authentication;
			sourceTree = "<group>";
		};
		B64B06282A52946A005CC86C /* UserList */ = {
			isa = PBXGroup;
			children = (
				B6ACAE1F2A3B3B9A00D853C0 /* AkpsiDataModel.swift */,
				B6ACAE212A3C239C00D853C0 /* AkpsiAlumniDataViewModel.swift */,
				B6ACAE282A3C2E9400D853C0 /* AkpsiDatabaseView.swift */,
				B6ACAE2C2A3C451400D853C0 /* MoreInformationView.swift */,
			);
			path = UserList;
			sourceTree = "<group>";
		};
		B6ACADF42A3AD61A00D853C0 = {
			isa = PBXGroup;
			children = (
				B6ACADFF2A3AD61A00D853C0 /* AKPSI BU App */,
				B6ACADFE2A3AD61A00D853C0 /* Products */,
				B6ACAE232A3C24F400D853C0 /* Frameworks */,
			);
			sourceTree = "<group>";
		};
		B6ACADFE2A3AD61A00D853C0 /* Products */ = {
			isa = PBXGroup;
			children = (
				B6ACADFD2A3AD61A00D853C0 /* AKPSI BU App.app */,
			);
			name = Products;
			sourceTree = "<group>";
		};
		B6ACADFF2A3AD61A00D853C0 /* AKPSI BU App */ = {
			isa = PBXGroup;
			children = (
				B6ACAE162A3ADA7F00D853C0 /* AKPSI-BU-App-Info.plist */,
				B6ACAE112A3AD8CE00D853C0 /* GoogleService-Info.plist */,
				B6ACAE002A3AD61A00D853C0 /* AKPSI_BU_AppApp.swift */,
				B64B06272A528D36005CC86C /* Authentication */,
				B6ACAE1D2A3AEE4F00D853C0 /* ProfileView.swift */,
				B6ACAE022A3AD61A00D853C0 /* UserStateView.swift */,
				B64B06282A52946A005CC86C /* UserList */,
				B6ACAE042A3AD61B00D853C0 /* Assets.xcassets */,
				B6ACAE062A3AD61B00D853C0 /* Preview Content */,
			);
			path = "AKPSI BU App";
			sourceTree = "<group>";
		};
		B6ACAE062A3AD61B00D853C0 /* Preview Content */ = {
			isa = PBXGroup;
			children = (
				B6ACAE072A3AD61B00D853C0 /* Preview Assets.xcassets */,
			);
			path = "Preview Content";
			sourceTree = "<group>";
		};
		B6ACAE232A3C24F400D853C0 /* Frameworks */ = {
			isa = PBXGroup;
			children = (
			);
			name = Frameworks;
			sourceTree = "<group>";
		};
/* End PBXGroup section */

/* Begin PBXNativeTarget section */
		B6ACADFC2A3AD61A00D853C0 /* AKPSI BU App */ = {
			isa = PBXNativeTarget;
			buildConfigurationList = B6ACAE0B2A3AD61B00D853C0 /* Build configuration list for PBXNativeTarget "AKPSI BU App" */;
			buildPhases = (
				B6ACADF92A3AD61A00D853C0 /* Sources */,
				B6ACADFA2A3AD61A00D853C0 /* Frameworks */,
				B6ACADFB2A3AD61A00D853C0 /* Resources */,
			);
			buildRules = (
			);
			dependencies = (
			);
			name = "AKPSI BU App";
			packageProductDependencies = (
				B6ACAE0F2A3AD7C400D853C0 /* FirebaseAuth */,
				B6ACAE142A3ADA2A00D853C0 /* GoogleSignIn */,
				B6ACAE242A3C24F400D853C0 /* FirebaseDatabase */,
			);
			productName = "AKPSI BU App";
			productReference = B6ACADFD2A3AD61A00D853C0 /* AKPSI BU App.app */;
			productType = "com.apple.product-type.application";
		};
/* End PBXNativeTarget section */

/* Begin PBXProject section */
		B6ACADF52A3AD61A00D853C0 /* Project object */ = {
			isa = PBXProject;
			attributes = {
				BuildIndependentTargetsInParallel = 1;
				LastSwiftUpdateCheck = 1420;
				LastUpgradeCheck = 1420;
				TargetAttributes = {
					B6ACADFC2A3AD61A00D853C0 = {
						CreatedOnToolsVersion = 14.2;
					};
				};
			};
			buildConfigurationList = B6ACADF82A3AD61A00D853C0 /* Build configuration list for PBXProject "AKPSI BU App" */;
			compatibilityVersion = "Xcode 14.0";
			developmentRegion = en;
			hasScannedForEncodings = 0;
			knownRegions = (
				en,
				Base,
			);
			mainGroup = B6ACADF42A3AD61A00D853C0;
			packageReferences = (
				B6ACAE0E2A3AD7C400D853C0 /* XCRemoteSwiftPackageReference "firebase-ios-sdk" */,
				B6ACAE132A3ADA2A00D853C0 /* XCRemoteSwiftPackageReference "GoogleSignIn-iOS" */,
			);
			productRefGroup = B6ACADFE2A3AD61A00D853C0 /* Products */;
			projectDirPath = "";
			projectRoot = "";
			targets = (
				B6ACADFC2A3AD61A00D853C0 /* AKPSI BU App */,
			);
		};
/* End PBXProject section */

/* Begin PBXResourcesBuildPhase section */
		B6ACADFB2A3AD61A00D853C0 /* Resources */ = {
			isa = PBXResourcesBuildPhase;
			buildActionMask = 2147483647;
			files = (
				B6ACAE082A3AD61B00D853C0 /* Preview Assets.xcassets in Resources */,
				B6ACAE052A3AD61B00D853C0 /* Assets.xcassets in Resources */,
				B6ACAE122A3AD8CE00D853C0 /* GoogleService-Info.plist in Resources */,
			);
			runOnlyForDeploymentPostprocessing = 0;
		};
/* End PBXResourcesBuildPhase section */

/* Begin PBXSourcesBuildPhase section */
		B6ACADF92A3AD61A00D853C0 /* Sources */ = {
			isa = PBXSourcesBuildPhase;
			buildActionMask = 2147483647;
			files = (
				B6ACAE202A3B3B9A00D853C0 /* AkpsiDataModel.swift in Sources */,
				B6ACAE222A3C239C00D853C0 /* AkpsiAlumniDataViewModel.swift in Sources */,
				B6ACAE2D2A3C451400D853C0 /* MoreInformationView.swift in Sources */,
				B6ACAE1A2A3AE96C00D853C0 /* GoogleSignInButton.swift in Sources */,
				B6ACAE182A3ADAA100D853C0 /* AuthenticationViewModel.swift in Sources */,
				B6ACAE032A3AD61A00D853C0 /* UserStateView.swift in Sources */,
				B6ACAE1E2A3AEE4F00D853C0 /* ProfileView.swift in Sources */,
				B6ACAE1C2A3AEE1600D853C0 /* LoginView.swift in Sources */,
				B6ACAE292A3C2E9400D853C0 /* AkpsiDatabaseView.swift in Sources */,
				B6ACAE012A3AD61A00D853C0 /* AKPSI_BU_AppApp.swift in Sources */,
			);
			runOnlyForDeploymentPostprocessing = 0;
		};
/* End PBXSourcesBuildPhase section */

/* Begin XCBuildConfiguration section */
		B6ACAE092A3AD61B00D853C0 /* Debug */ = {
			isa = XCBuildConfiguration;
			buildSettings = {
				ALWAYS_SEARCH_USER_PATHS = NO;
				CLANG_ANALYZER_NONNULL = YES;
				CLANG_ANALYZER_NUMBER_OBJECT_CONVERSION = YES_AGGRESSIVE;
				CLANG_CXX_LANGUAGE_STANDARD = "gnu++20";
				CLANG_ENABLE_MODULES = YES;
				CLANG_ENABLE_OBJC_ARC = YES;
				CLANG_ENABLE_OBJC_WEAK = YES;
				CLANG_WARN_BLOCK_CAPTURE_AUTORELEASING = YES;
				CLANG_WARN_BOOL_CONVERSION = YES;
				CLANG_WARN_COMMA = YES;
				CLANG_WARN_CONSTANT_CONVERSION = YES;
				CLANG_WARN_DEPRECATED_OBJC_IMPLEMENTATIONS = YES;
				CLANG_WARN_DIRECT_OBJC_ISA_USAGE = YES_ERROR;
				CLANG_WARN_DOCUMENTATION_COMMENTS = YES;
				CLANG_WARN_EMPTY_BODY = YES;
				CLANG_WARN_ENUM_CONVERSION = YES;
				CLANG_WARN_INFINITE_RECURSION = YES;
				CLANG_WARN_INT_CONVERSION = YES;
				CLANG_WARN_NON_LITERAL_NULL_CONVERSION = YES;
				CLANG_WARN_OBJC_IMPLICIT_RETAIN_SELF = YES;
				CLANG_WARN_OBJC_LITERAL_CONVERSION = YES;
				CLANG_WARN_OBJC_ROOT_CLASS = YES_ERROR;
				CLANG_WARN_QUOTED_INCLUDE_IN_FRAMEWORK_HEADER = YES;
				CLANG_WARN_RANGE_LOOP_ANALYSIS = YES;
				CLANG_WARN_STRICT_PROTOTYPES = YES;
				CLANG_WARN_SUSPICIOUS_MOVE = YES;
				CLANG_WARN_UNGUARDED_AVAILABILITY = YES_AGGRESSIVE;
				CLANG_WARN_UNREACHABLE_CODE = YES;
				CLANG_WARN__DUPLICATE_METHOD_MATCH = YES;
				COPY_PHASE_STRIP = NO;
				DEBUG_INFORMATION_FORMAT = dwarf;
				ENABLE_STRICT_OBJC_MSGSEND = YES;
				ENABLE_TESTABILITY = YES;
				GCC_C_LANGUAGE_STANDARD = gnu11;
				GCC_DYNAMIC_NO_PIC = NO;
				GCC_NO_COMMON_BLOCKS = YES;
				GCC_OPTIMIZATION_LEVEL = 0;
				GCC_PREPROCESSOR_DEFINITIONS = (
					"DEBUG=1",
					"$(inherited)",
				);
				GCC_WARN_64_TO_32_BIT_CONVERSION = YES;
				GCC_WARN_ABOUT_RETURN_TYPE = YES_ERROR;
				GCC_WARN_UNDECLARED_SELECTOR = YES;
				GCC_WARN_UNINITIALIZED_AUTOS = YES_AGGRESSIVE;
				GCC_WARN_UNUSED_FUNCTION = YES;
				GCC_WARN_UNUSED_VARIABLE = YES;
				IPHONEOS_DEPLOYMENT_TARGET = 16.2;
				MTL_ENABLE_DEBUG_INFO = INCLUDE_SOURCE;
				MTL_FAST_MATH = YES;
				ONLY_ACTIVE_ARCH = YES;
				SDKROOT = iphoneos;
				SWIFT_ACTIVE_COMPILATION_CONDITIONS = DEBUG;
				SWIFT_OPTIMIZATION_LEVEL = "-Onone";
			};
			name = Debug;
		};
		B6ACAE0A2A3AD61B00D853C0 /* Release */ = {
			isa = XCBuildConfiguration;
			buildSettings = {
				ALWAYS_SEARCH_USER_PATHS = NO;
				CLANG_ANALYZER_NONNULL = YES;
				CLANG_ANALYZER_NUMBER_OBJECT_CONVERSION = YES_AGGRESSIVE;
				CLANG_CXX_LANGUAGE_STANDARD = "gnu++20";
				CLANG_ENABLE_MODULES = YES;
				CLANG_ENABLE_OBJC_ARC = YES;
				CLANG_ENABLE_OBJC_WEAK = YES;
				CLANG_WARN_BLOCK_CAPTURE_AUTORELEASING = YES;
				CLANG_WARN_BOOL_CONVERSION = YES;
				CLANG_WARN_COMMA = YES;
				CLANG_WARN_CONSTANT_CONVERSION = YES;
				CLANG_WARN_DEPRECATED_OBJC_IMPLEMENTATIONS = YES;
				CLANG_WARN_DIRECT_OBJC_ISA_USAGE = YES_ERROR;
				CLANG_WARN_DOCUMENTATION_COMMENTS = YES;
				CLANG_WARN_EMPTY_BODY = YES;
				CLANG_WARN_ENUM_CONVERSION = YES;
				CLANG_WARN_INFINITE_RECURSION = YES;
				CLANG_WARN_INT_CONVERSION = YES;
				CLANG_WARN_NON_LITERAL_NULL_CONVERSION = YES;
				CLANG_WARN_OBJC_IMPLICIT_RETAIN_SELF = YES;
				CLANG_WARN_OBJC_LITERAL_CONVERSION = YES;
				CLANG_WARN_OBJC_ROOT_CLASS = YES_ERROR;
				CLANG_WARN_QUOTED_INCLUDE_IN_FRAMEWORK_HEADER = YES;
				CLANG_WARN_RANGE_LOOP_ANALYSIS = YES;
				CLANG_WARN_STRICT_PROTOTYPES = YES;
				CLANG_WARN_SUSPICIOUS_MOVE = YES;
				CLANG_WARN_UNGUARDED_AVAILABILITY = YES_AGGRESSIVE;
				CLANG_WARN_UNREACHABLE_CODE = YES;
				CLANG_WARN__DUPLICATE_METHOD_MATCH = YES;
				COPY_PHASE_STRIP = NO;
				DEBUG_INFORMATION_FORMAT = "dwarf-with-dsym";
				ENABLE_NS_ASSERTIONS = NO;
				ENABLE_STRICT_OBJC_MSGSEND = YES;
				GCC_C_LANGUAGE_STANDARD = gnu11;
				GCC_NO_COMMON_BLOCKS = YES;
				GCC_WARN_64_TO_32_BIT_CONVERSION = YES;
				GCC_WARN_ABOUT_RETURN_TYPE = YES_ERROR;
				GCC_WARN_UNDECLARED_SELECTOR = YES;
				GCC_WARN_UNINITIALIZED_AUTOS = YES_AGGRESSIVE;
				GCC_WARN_UNUSED_FUNCTION = YES;
				GCC_WARN_UNUSED_VARIABLE = YES;
				IPHONEOS_DEPLOYMENT_TARGET = 16.2;
				MTL_ENABLE_DEBUG_INFO = NO;
				MTL_FAST_MATH = YES;
				SDKROOT = iphoneos;
				SWIFT_COMPILATION_MODE = wholemodule;
				SWIFT_OPTIMIZATION_LEVEL = "-O";
				VALIDATE_PRODUCT = YES;
			};
			name = Release;
		};
		B6ACAE0C2A3AD61B00D853C0 /* Debug */ = {
			isa = XCBuildConfiguration;
			buildSettings = {
				ASSETCATALOG_COMPILER_APPICON_NAME = AppIcon;
				ASSETCATALOG_COMPILER_GLOBAL_ACCENT_COLOR_NAME = AccentColor;
				CODE_SIGN_STYLE = Automatic;
				CURRENT_PROJECT_VERSION = 1;
				DEVELOPMENT_ASSET_PATHS = "\"AKPSI BU App/Preview Content\"";
				ENABLE_PREVIEWS = YES;
				GENERATE_INFOPLIST_FILE = YES;
				INFOPLIST_FILE = "AKPSI-BU-App-Info.plist";
				INFOPLIST_KEY_UIApplicationSupportsIndirectInputEvents = YES;
				INFOPLIST_KEY_UILaunchScreen_Generation = YES;
				INFOPLIST_KEY_UISupportedInterfaceOrientations_iPad = "UIInterfaceOrientationPortrait UIInterfaceOrientationPortraitUpsideDown UIInterfaceOrientationLandscapeLeft UIInterfaceOrientationLandscapeRight";
				INFOPLIST_KEY_UISupportedInterfaceOrientations_iPhone = "UIInterfaceOrientationPortrait UIInterfaceOrientationLandscapeLeft UIInterfaceOrientationLandscapeRight";
				LD_RUNPATH_SEARCH_PATHS = (
					"$(inherited)",
					"@executable_path/Frameworks",
				);
				MARKETING_VERSION = 1.0;
				PRODUCT_BUNDLE_IDENTIFIER = "com.Akpsi.AKPSI-BU-App";
				PRODUCT_NAME = "$(TARGET_NAME)";
				SWIFT_EMIT_LOC_STRINGS = YES;
				SWIFT_VERSION = 5.0;
				TARGETED_DEVICE_FAMILY = "1,2";
			};
			name = Debug;
		};
		B6ACAE0D2A3AD61B00D853C0 /* Release */ = {
			isa = XCBuildConfiguration;
			buildSettings = {
				ASSETCATALOG_COMPILER_APPICON_NAME = AppIcon;
				ASSETCATALOG_COMPILER_GLOBAL_ACCENT_COLOR_NAME = AccentColor;
				CODE_SIGN_STYLE = Automatic;
				CURRENT_PROJECT_VERSION = 1;
				DEVELOPMENT_ASSET_PATHS = "\"AKPSI BU App/Preview Content\"";
				ENABLE_PREVIEWS = YES;
				GENERATE_INFOPLIST_FILE = YES;
				INFOPLIST_FILE = "AKPSI-BU-App-Info.plist";
				INFOPLIST_KEY_UIApplicationSupportsIndirectInputEvents = YES;
				INFOPLIST_KEY_UILaunchScreen_Generation = YES;
				INFOPLIST_KEY_UISupportedInterfaceOrientations_iPad = "UIInterfaceOrientationPortrait UIInterfaceOrientationPortraitUpsideDown UIInterfaceOrientationLandscapeLeft UIInterfaceOrientationLandscapeRight";
				INFOPLIST_KEY_UISupportedInterfaceOrientations_iPhone = "UIInterfaceOrientationPortrait UIInterfaceOrientationLandscapeLeft UIInterfaceOrientationLandscapeRight";
				LD_RUNPATH_SEARCH_PATHS = (
					"$(inherited)",
					"@executable_path/Frameworks",
				);
				MARKETING_VERSION = 1.0;
				PRODUCT_BUNDLE_IDENTIFIER = "com.Akpsi.AKPSI-BU-App";
				PRODUCT_NAME = "$(TARGET_NAME)";
				SWIFT_EMIT_LOC_STRINGS = YES;
				SWIFT_VERSION = 5.0;
				TARGETED_DEVICE_FAMILY = "1,2";
			};
			name = Release;
		};
/* End XCBuildConfiguration section */

/* Begin XCConfigurationList section */
		B6ACADF82A3AD61A00D853C0 /* Build configuration list for PBXProject "AKPSI BU App" */ = {
			isa = XCConfigurationList;
			buildConfigurations = (
				B6ACAE092A3AD61B00D853C0 /* Debug */,
				B6ACAE0A2A3AD61B00D853C0 /* Release */,
			);
			defaultConfigurationIsVisible = 0;
			defaultConfigurationName = Release;
		};
		B6ACAE0B2A3AD61B00D853C0 /* Build configuration list for PBXNativeTarget "AKPSI BU App" */ = {
			isa = XCConfigurationList;
			buildConfigurations = (
				B6ACAE0C2A3AD61B00D853C0 /* Debug */,
				B6ACAE0D2A3AD61B00D853C0 /* Release */,
			);
			defaultConfigurationIsVisible = 0;
			defaultConfigurationName = Release;
		};
/* End XCConfigurationList section */

/* Begin XCRemoteSwiftPackageReference section */
		B6ACAE0E2A3AD7C400D853C0 /* XCRemoteSwiftPackageReference "firebase-ios-sdk" */ = {
			isa = XCRemoteSwiftPackageReference;
			repositoryURL = "https://github.com/firebase/firebase-ios-sdk";
			requirement = {
				branch = master;
				kind = branch;
			};
		};
		B6ACAE132A3ADA2A00D853C0 /* XCRemoteSwiftPackageReference "GoogleSignIn-iOS" */ = {
			isa = XCRemoteSwiftPackageReference;
			repositoryURL = "https://github.com/google/GoogleSignIn-iOS";
			requirement = {
				branch = main;
				kind = branch;
			};
		};
/* End XCRemoteSwiftPackageReference section */

/* Begin XCSwiftPackageProductDependency section */
		B6ACAE0F2A3AD7C400D853C0 /* FirebaseAuth */ = {
			isa = XCSwiftPackageProductDependency;
			package = B6ACAE0E2A3AD7C400D853C0 /* XCRemoteSwiftPackageReference "firebase-ios-sdk" */;
			productName = FirebaseAuth;
		};
		B6ACAE142A3ADA2A00D853C0 /* GoogleSignIn */ = {
			isa = XCSwiftPackageProductDependency;
			package = B6ACAE132A3ADA2A00D853C0 /* XCRemoteSwiftPackageReference "GoogleSignIn-iOS" */;
			productName = GoogleSignIn;
		};
		B6ACAE242A3C24F400D853C0 /* FirebaseDatabase */ = {
			isa = XCSwiftPackageProductDependency;
			package = B6ACAE0E2A3AD7C400D853C0 /* XCRemoteSwiftPackageReference "firebase-ios-sdk" */;
			productName = FirebaseDatabase;
		};
/* End XCSwiftPackageProductDependency section */
	};
	rootObject = B6ACADF52A3AD61A00D853C0 /* Project object */;
}
